
Microsoft Visual Studio Solution File, Format Version 12.00
# Visual Studio Version 17
VisualStudioVersion = 17.13.35931.197
MinimumVisualStudioVersion = 10.0.40219.1
Project("{FAE04EC0-301F-11D3-BF4B-00C04F79EFBC}") = "SupermarketWEB", "SupermarketWEB.csproj", "{00F11C4C-CF71-4CFF-9EE5-AB40257D9275}"
EndProject
Global
	GlobalSection(SolutionConfigurationPlatforms) = preSolution
		Debug|Any CPU = Debug|Any CPU
		Release|Any CPU = Release|Any CPU
	EndGlobalSection
	GlobalSection(ProjectConfigurationPlatforms) = postSolution
		{00F11C4C-CF71-4CFF-9EE5-AB40257D9275}.Debug|Any CPU.ActiveCfg = Debug|Any CPU
		{00F11C4C-CF71-4CFF-9EE5-AB40257D9275}.Debug|Any CPU.Build.0 = Debug|Any CPU
		{00F11C4C-CF71-4CFF-9EE5-AB40257D9275}.Release|Any CPU.ActiveCfg = Release|Any CPU
		{00F11C4C-CF71-4CFF-9EE5-AB40257D9275}.Release|Any CPU.Build.0 = Release|Any CPU
	EndGlobalSection
	GlobalSection(SolutionProperties) = preSolution
		HideSolutionNode = FALSE
	EndGlobalSection
	GlobalSection(ExtensibilityGlobals) = postSolution
		SolutionGuid = {28103BB9-D3AF-480A-8582-BDBFC5F4A7EB}
	EndGlobalSection
EndGlobal
